
Microsoft Visual Studio Solution File, Format Version 12.00
# Visual Studio Version 17
VisualStudioVersion = 17.1.32228.430
MinimumVisualStudioVersion = 10.0.40219.1
Project("{2150E333-8FDC-42A3-9474-1A3956D46DE8}") = "src", "src", "{DC3B8886-A978-49DF-B594-49D0615E13CD}"
EndProject
Project("{2150E333-8FDC-42A3-9474-1A3956D46DE8}") = "test", "test", "{6BCC7D48-833A-4802-95CF-245E992C7954}"
EndProject
Project("{9A19103F-16F7-4668-BE54-9A1E7A4F7556}") = "CalculatorLibrary", "src\CalculatorLibrary\CalculatorLibrary.csproj", "{C04A7CBD-C6A1-44FE-BB25-8B6A14CCB5C3}"
EndProject
Project("{9A19103F-16F7-4668-BE54-9A1E7A4F7556}") = "CalculatorLibrary.Tests.Unit", "test\CalculatorLibraryTests\CalculatorLibrary.Tests.Unit.csproj", "{0CE4056A-4AC3-46B4-9652-4C5CFDF721C0}"
EndProject
Project("{2150E333-8FDC-42A3-9474-1A3956D46DE8}") = "Elementos de la solución", "Elementos de la solución", "{2A20C01E-A6F3-45BD-AE53-EC3F7265F37D}"
	ProjectSection(SolutionItems) = preProject
		Exercise\Exercise.md = Exercise\Exercise.md
		ExerciseRealWorld.md = ExerciseRealWorld.md
	EndProjectSection
EndProject
Project("{9A19103F-16F7-4668-BE54-9A1E7A4F7556}") = "TestingTechniques", "TestingTechniques\TestingTechniques.csproj", "{E201028D-649E-44AE-99AA-FA09A984823F}"
EndProject
Project("{9A19103F-16F7-4668-BE54-9A1E7A4F7556}") = "TestingTechniques.Tests.Unit", "TestingTechniques.Tests.Unit\TestingTechniques.Tests.Unit.csproj", "{20436D46-C5E3-4454-95EE-06795880D97E}"
EndProject
Project("{9A19103F-16F7-4668-BE54-9A1E7A4F7556}") = "TestinWithDependencies.Api", "TestinWithDependencies.Api\TestinWithDependencies.Api.csproj", "{E83C5745-357C-466D-BDDF-7D2A30826F86}"
EndProject
Project("{9A19103F-16F7-4668-BE54-9A1E7A4F7556}") = "TestingWithDependencies.Tests.Unit", "TestingWithDependencies.Tests.Unit\TestingWithDependencies.Tests.Unit.csproj", "{F9C24247-D35E-454C-9954-7D613A6E2587}"
EndProject
Project("{9A19103F-16F7-4668-BE54-9A1E7A4F7556}") = "RealWorld", "RealWorld\RealWorld.csproj", "{A7CAD97C-9472-4018-B027-1BAAD96F578C}"
EndProject
Project("{9A19103F-16F7-4668-BE54-9A1E7A4F7556}") = "RealWorld.Api.Tests.Unit", "RealWorld.Api.Tests.Unit\RealWorld.Api.Tests.Unit.csproj", "{7580EBD9-F1A4-430A-B8D1-61B4DB78E574}"
EndProject
Global
	GlobalSection(SolutionConfigurationPlatforms) = preSolution
		Debug|Any CPU = Debug|Any CPU
		Release|Any CPU = Release|Any CPU
	EndGlobalSection
	GlobalSection(ProjectConfigurationPlatforms) = postSolution
		{C04A7CBD-C6A1-44FE-BB25-8B6A14CCB5C3}.Debug|Any CPU.ActiveCfg = Debug|Any CPU
		{C04A7CBD-C6A1-44FE-BB25-8B6A14CCB5C3}.Debug|Any CPU.Build.0 = Debug|Any CPU
		{C04A7CBD-C6A1-44FE-BB25-8B6A14CCB5C3}.Release|Any CPU.ActiveCfg = Release|Any CPU
		{C04A7CBD-C6A1-44FE-BB25-8B6A14CCB5C3}.Release|Any CPU.Build.0 = Release|Any CPU
		{0CE4056A-4AC3-46B4-9652-4C5CFDF721C0}.Debug|Any CPU.ActiveCfg = Debug|Any CPU
		{0CE4056A-4AC3-46B4-9652-4C5CFDF721C0}.Debug|Any CPU.Build.0 = Debug|Any CPU
		{0CE4056A-4AC3-46B4-9652-4C5CFDF721C0}.Release|Any CPU.ActiveCfg = Release|Any CPU
		{0CE4056A-4AC3-46B4-9652-4C5CFDF721C0}.Release|Any CPU.Build.0 = Release|Any CPU
		{E201028D-649E-44AE-99AA-FA09A984823F}.Debug|Any CPU.ActiveCfg = Debug|Any CPU
		{E201028D-649E-44AE-99AA-FA09A984823F}.Debug|Any CPU.Build.0 = Debug|Any CPU
		{E201028D-649E-44AE-99AA-FA09A984823F}.Release|Any CPU.ActiveCfg = Release|Any CPU
		{E201028D-649E-44AE-99AA-FA09A984823F}.Release|Any CPU.Build.0 = Release|Any CPU
		{20436D46-C5E3-4454-95EE-06795880D97E}.Debug|Any CPU.ActiveCfg = Debug|Any CPU
		{20436D46-C5E3-4454-95EE-06795880D97E}.Debug|Any CPU.Build.0 = Debug|Any CPU
		{20436D46-C5E3-4454-95EE-06795880D97E}.Release|Any CPU.ActiveCfg = Release|Any CPU
		{20436D46-C5E3-4454-95EE-06795880D97E}.Release|Any CPU.Build.0 = Release|Any CPU
		{E83C5745-357C-466D-BDDF-7D2A30826F86}.Debug|Any CPU.ActiveCfg = Debug|Any CPU
		{E83C5745-357C-466D-BDDF-7D2A30826F86}.Debug|Any CPU.Build.0 = Debug|Any CPU
		{E83C5745-357C-466D-BDDF-7D2A30826F86}.Release|Any CPU.ActiveCfg = Release|Any CPU
		{E83C5745-357C-466D-BDDF-7D2A30826F86}.Release|Any CPU.Build.0 = Release|Any CPU
		{F9C24247-D35E-454C-9954-7D613A6E2587}.Debug|Any CPU.ActiveCfg = Debug|Any CPU
		{F9C24247-D35E-454C-9954-7D613A6E2587}.Debug|Any CPU.Build.0 = Debug|Any CPU
		{F9C24247-D35E-454C-9954-7D613A6E2587}.Release|Any CPU.ActiveCfg = Release|Any CPU
		{F9C24247-D35E-454C-9954-7D613A6E2587}.Release|Any CPU.Build.0 = Release|Any CPU
		{A7CAD97C-9472-4018-B027-1BAAD96F578C}.Debug|Any CPU.ActiveCfg = Debug|Any CPU
		{A7CAD97C-9472-4018-B027-1BAAD96F578C}.Debug|Any CPU.Build.0 = Debug|Any CPU
		{A7CAD97C-9472-4018-B027-1BAAD96F578C}.Release|Any CPU.ActiveCfg = Release|Any CPU
		{A7CAD97C-9472-4018-B027-1BAAD96F578C}.Release|Any CPU.Build.0 = Release|Any CPU
		{7580EBD9-F1A4-430A-B8D1-61B4DB78E574}.Debug|Any CPU.ActiveCfg = Debug|Any CPU
		{7580EBD9-F1A4-430A-B8D1-61B4DB78E574}.Debug|Any CPU.Build.0 = Debug|Any CPU
		{7580EBD9-F1A4-430A-B8D1-61B4DB78E574}.Release|Any CPU.ActiveCfg = Release|Any CPU
		{7580EBD9-F1A4-430A-B8D1-61B4DB78E574}.Release|Any CPU.Build.0 = Release|Any CPU
	EndGlobalSection
	GlobalSection(SolutionProperties) = preSolution
		HideSolutionNode = FALSE
	EndGlobalSection
	GlobalSection(NestedProjects) = preSolution
		{C04A7CBD-C6A1-44FE-BB25-8B6A14CCB5C3} = {DC3B8886-A978-49DF-B594-49D0615E13CD}
		{0CE4056A-4AC3-46B4-9652-4C5CFDF721C0} = {6BCC7D48-833A-4802-95CF-245E992C7954}
		{E201028D-649E-44AE-99AA-FA09A984823F} = {DC3B8886-A978-49DF-B594-49D0615E13CD}
		{20436D46-C5E3-4454-95EE-06795880D97E} = {6BCC7D48-833A-4802-95CF-245E992C7954}
		{E83C5745-357C-466D-BDDF-7D2A30826F86} = {DC3B8886-A978-49DF-B594-49D0615E13CD}
		{F9C24247-D35E-454C-9954-7D613A6E2587} = {6BCC7D48-833A-4802-95CF-245E992C7954}
		{A7CAD97C-9472-4018-B027-1BAAD96F578C} = {DC3B8886-A978-49DF-B594-49D0615E13CD}
		{7580EBD9-F1A4-430A-B8D1-61B4DB78E574} = {6BCC7D48-833A-4802-95CF-245E992C7954}
	EndGlobalSection
	GlobalSection(ExtensibilityGlobals) = postSolution
		SolutionGuid = {FF59F593-ACE5-451B-B320-7DA0CF4ED6B8}
	EndGlobalSection
EndGlobal
